
Microsoft Visual Studio Solution File, Format Version 12.00
# Visual Studio Version 17
VisualStudioVersion = 17.8.34511.84
MinimumVisualStudioVersion = 10.0.40219.1
Project("{9A19103F-16F7-4668-BE54-9A1E7A4F7556}") = "HttpTriggerFunction", "Functions\HttpTriggerFunction\HttpTriggerFunction.csproj", "{76CE646B-909E-49C4-A8E2-05410DD6BA9A}"
EndProject
Project("{2150E333-8FDC-42A3-9474-1A3956D46DE8}") = "Functions", "Functions", "{1759577B-F456-43DE-8CD2-F8D793C0BF5A}"
EndProject
Project("{FAE04EC0-301F-11D3-BF4B-00C04F79EFBC}") = "WebApp", "WebApp\WebApp.csproj", "{F1E8B0C7-362A-461E-8C23-0B252D07AC55}"
EndProject
Global
	GlobalSection(SolutionConfigurationPlatforms) = preSolution
		Debug|Any CPU = Debug|Any CPU
		Release|Any CPU = Release|Any CPU
	EndGlobalSection
	GlobalSection(ProjectConfigurationPlatforms) = postSolution
		{76CE646B-909E-49C4-A8E2-05410DD6BA9A}.Debug|Any CPU.ActiveCfg = Debug|Any CPU
		{76CE646B-909E-49C4-A8E2-05410DD6BA9A}.Debug|Any CPU.Build.0 = Debug|Any CPU
		{76CE646B-909E-49C4-A8E2-05410DD6BA9A}.Release|Any CPU.ActiveCfg = Release|Any CPU
		{76CE646B-909E-49C4-A8E2-05410DD6BA9A}.Release|Any CPU.Build.0 = Release|Any CPU
		{F1E8B0C7-362A-461E-8C23-0B252D07AC55}.Debug|Any CPU.ActiveCfg = Debug|Any CPU
		{F1E8B0C7-362A-461E-8C23-0B252D07AC55}.Debug|Any CPU.Build.0 = Debug|Any CPU
		{F1E8B0C7-362A-461E-8C23-0B252D07AC55}.Release|Any CPU.ActiveCfg = Release|Any CPU
		{F1E8B0C7-362A-461E-8C23-0B252D07AC55}.Release|Any CPU.Build.0 = Release|Any CPU
	EndGlobalSection
	GlobalSection(SolutionProperties) = preSolution
		HideSolutionNode = FALSE
	EndGlobalSection
	GlobalSection(NestedProjects) = preSolution
		{76CE646B-909E-49C4-A8E2-05410DD6BA9A} = {1759577B-F456-43DE-8CD2-F8D793C0BF5A}
	EndGlobalSection
	GlobalSection(ExtensibilityGlobals) = postSolution
		SolutionGuid = {0AF1553F-EC45-446C-B65F-435205A08A37}
	EndGlobalSection
EndGlobal
